// !$*UTF8*$!
{
	archiveVersion = 1;
	classes = {
	};
	objectVersion = 55;
	objects = {

/* Begin PBXBuildFile section */
		C484296E283A94F600BFF823 /* AppDelegate.swift in Sources */ = {isa = PBXBuildFile; fileRef = C484296D283A94F600BFF823 /* AppDelegate.swift */; };
		C4842970283A94F600BFF823 /* SceneDelegate.swift in Sources */ = {isa = PBXBuildFile; fileRef = C484296F283A94F600BFF823 /* SceneDelegate.swift */; };
		C4842972283A94F600BFF823 /* ListViewController.swift in Sources */ = {isa = PBXBuildFile; fileRef = C4842971283A94F600BFF823 /* ListViewController.swift */; };
		C4842975283A94F600BFF823 /* Main.storyboard in Resources */ = {isa = PBXBuildFile; fileRef = C4842973283A94F600BFF823 /* Main.storyboard */; };
		C4842977283A94F700BFF823 /* Assets.xcassets in Resources */ = {isa = PBXBuildFile; fileRef = C4842976283A94F700BFF823 /* Assets.xcassets */; };
		C484297A283A94F700BFF823 /* LaunchScreen.storyboard in Resources */ = {isa = PBXBuildFile; fileRef = C4842978283A94F700BFF823 /* LaunchScreen.storyboard */; };
		C4842985283A964900BFF823 /* BucketListViewController.swift in Sources */ = {isa = PBXBuildFile; fileRef = C4842984283A964900BFF823 /* BucketListViewController.swift */; };
		C4842987283A966200BFF823 /* CheckListViewController.swift in Sources */ = {isa = PBXBuildFile; fileRef = C4842986283A966200BFF823 /* CheckListViewController.swift */; };
		C484298E283A9C8700BFF823 /* DataModel.xcdatamodeld in Sources */ = {isa = PBXBuildFile; fileRef = C484298C283A9C8700BFF823 /* DataModel.xcdatamodeld */; };
/* End PBXBuildFile section */

/* Begin PBXFileReference section */
		C484296A283A94F600BFF823 /* Multilist.app */ = {isa = PBXFileReference; explicitFileType = wrapper.application; includeInIndex = 0; path = Multilist.app; sourceTree = BUILT_PRODUCTS_DIR; };
		C484296D283A94F600BFF823 /* AppDelegate.swift */ = {isa = PBXFileReference; lastKnownFileType = sourcecode.swift; path = AppDelegate.swift; sourceTree = "<group>"; };
		C484296F283A94F600BFF823 /* SceneDelegate.swift */ = {isa = PBXFileReference; lastKnownFileType = sourcecode.swift; path = SceneDelegate.swift; sourceTree = "<group>"; };
		C4842971283A94F600BFF823 /* ListViewController.swift */ = {isa = PBXFileReference; lastKnownFileType = sourcecode.swift; path = ListViewController.swift; sourceTree = "<group>"; };
		C4842974283A94F600BFF823 /* Base */ = {isa = PBXFileReference; lastKnownFileType = file.storyboard; name = Base; path = Base.lproj/Main.storyboard; sourceTree = "<group>"; };
		C4842976283A94F700BFF823 /* Assets.xcassets */ = {isa = PBXFileReference; lastKnownFileType = folder.assetcatalog; path = Assets.xcassets; sourceTree = "<group>"; };
		C4842979283A94F700BFF823 /* Base */ = {isa = PBXFileReference; lastKnownFileType = file.storyboard; name = Base; path = Base.lproj/LaunchScreen.storyboard; sourceTree = "<group>"; };
		C484297B283A94F700BFF823 /* Info.plist */ = {isa = PBXFileReference; lastKnownFileType = text.plist.xml; path = Info.plist; sourceTree = "<group>"; };
		C4842984283A964900BFF823 /* BucketListViewController.swift */ = {isa = PBXFileReference; lastKnownFileType = sourcecode.swift; path = BucketListViewController.swift; sourceTree = "<group>"; };
		C4842986283A966200BFF823 /* CheckListViewController.swift */ = {isa = PBXFileReference; lastKnownFileType = sourcecode.swift; path = CheckListViewController.swift; sourceTree = "<group>"; };
		C484298D283A9C8700BFF823 /* DataModel.xcdatamodel */ = {isa = PBXFileReference; lastKnownFileType = wrapper.xcdatamodel; path = DataModel.xcdatamodel; sourceTree = "<group>"; };
/* End PBXFileReference section */

/* Begin PBXFrameworksBuildPhase section */
		C4842967283A94F600BFF823 /* Frameworks */ = {
			isa = PBXFrameworksBuildPhase;
			buildActionMask = 2147483647;
			files = (
			);
			runOnlyForDeploymentPostprocessing = 0;
		};
/* End PBXFrameworksBuildPhase section */

/* Begin PBXGroup section */
		C4842961283A94F600BFF823 = {
			isa = PBXGroup;
			children = (
				C484296C283A94F600BFF823 /* Multilist */,
				C484296B283A94F600BFF823 /* Products */,
			);
			sourceTree = "<group>";
		};
		C484296B283A94F600BFF823 /* Products */ = {
			isa = PBXGroup;
			children = (
				C484296A283A94F600BFF823 /* Multilist.app */,
			);
			name = Products;
			sourceTree = "<group>";
		};
		C484296C283A94F600BFF823 /* Multilist */ = {
			isa = PBXGroup;
			children = (
				C484296D283A94F600BFF823 /* AppDelegate.swift */,
				C484296F283A94F600BFF823 /* SceneDelegate.swift */,
				C484298C283A9C8700BFF823 /* DataModel.xcdatamodeld */,
				C4842981283A957D00BFF823 /* V */,
				C4842982283A958200BFF823 /* C */,
				C4842983283A959200BFF823 /* Supporting Files */,
				C484297B283A94F700BFF823 /* Info.plist */,
			);
			path = Multilist;
			sourceTree = "<group>";
		};
		C4842981283A957D00BFF823 /* V */ = {
			isa = PBXGroup;
			children = (
				C4842973283A94F600BFF823 /* Main.storyboard */,
			);
			path = V;
			sourceTree = "<group>";
		};
		C4842982283A958200BFF823 /* C */ = {
			isa = PBXGroup;
			children = (
				C4842971283A94F600BFF823 /* ListViewController.swift */,
				C4842984283A964900BFF823 /* BucketListViewController.swift */,
				C4842986283A966200BFF823 /* CheckListViewController.swift */,
			);
			path = C;
			sourceTree = "<group>";
		};
		C4842983283A959200BFF823 /* Supporting Files */ = {
			isa = PBXGroup;
			children = (
				C4842976283A94F700BFF823 /* Assets.xcassets */,
				C4842978283A94F700BFF823 /* LaunchScreen.storyboard */,
			);
			path = "Supporting Files";
			sourceTree = "<group>";
		};
/* End PBXGroup section */

/* Begin PBXNativeTarget section */
		C4842969283A94F600BFF823 /* Multilist */ = {
			isa = PBXNativeTarget;
			buildConfigurationList = C484297E283A94F700BFF823 /* Build configuration list for PBXNativeTarget "Multilist" */;
			buildPhases = (
				C4842966283A94F600BFF823 /* Sources */,
				C4842967283A94F600BFF823 /* Frameworks */,
				C4842968283A94F600BFF823 /* Resources */,
			);
			buildRules = (
			);
			dependencies = (
			);
			name = Multilist;
			productName = Multilist;
			productReference = C484296A283A94F600BFF823 /* Multilist.app */;
			productType = "com.apple.product-type.application";
		};
/* End PBXNativeTarget section */

/* Begin PBXProject section */
		C4842962283A94F600BFF823 /* Project object */ = {
			isa = PBXProject;
			attributes = {
				BuildIndependentTargetsInParallel = 1;
				LastSwiftUpdateCheck = 1340;
				LastUpgradeCheck = 1340;
				TargetAttributes = {
					C4842969283A94F600BFF823 = {
						CreatedOnToolsVersion = 13.4;
					};
				};
			};
			buildConfigurationList = C4842965283A94F600BFF823 /* Build configuration list for PBXProject "Multilist" */;
			compatibilityVersion = "Xcode 13.0";
			developmentRegion = en;
			hasScannedForEncodings = 0;
			knownRegions = (
				en,
				Base,
			);
			mainGroup = C4842961283A94F600BFF823;
			productRefGroup = C484296B283A94F600BFF823 /* Products */;
			projectDirPath = "";
			projectRoot = "";
			targets = (
				C4842969283A94F600BFF823 /* Multilist */,
			);
		};
/* End PBXProject section */

/* Begin PBXResourcesBuildPhase section */
		C4842968283A94F600BFF823 /* Resources */ = {
			isa = PBXResourcesBuildPhase;
			buildActionMask = 2147483647;
			files = (
				C484297A283A94F700BFF823 /* LaunchScreen.storyboard in Resources */,
				C4842977283A94F700BFF823 /* Assets.xcassets in Resources */,
				C4842975283A94F600BFF823 /* Main.storyboard in Resources */,
			);
			runOnlyForDeploymentPostprocessing = 0;
		};
/* End PBXResourcesBuildPhase section */

/* Begin PBXSourcesBuildPhase section */
		C4842966283A94F600BFF823 /* Sources */ = {
			isa = PBXSourcesBuildPhase;
			buildActionMask = 2147483647;
			files = (
				C4842972283A94F600BFF823 /* ListViewController.swift in Sources */,
				C484298E283A9C8700BFF823 /* DataModel.xcdatamodeld in Sources */,
				C484296E283A94F600BFF823 /* AppDelegate.swift in Sources */,
				C4842985283A964900BFF823 /* BucketListViewController.swift in Sources */,
				C4842970283A94F600BFF823 /* SceneDelegate.swift in Sources */,
				C4842987283A966200BFF823 /* CheckListViewController.swift in Sources */,
			);
			runOnlyForDeploymentPostprocessing = 0;
		};
/* End PBXSourcesBuildPhase section */

/* Begin PBXVariantGroup section */
		C4842973283A94F600BFF823 /* Main.storyboard */ = {
			isa = PBXVariantGroup;
			children = (
				C4842974283A94F600BFF823 /* Base */,
			);
			name = Main.storyboard;
			sourceTree = "<group>";
		};
		C4842978283A94F700BFF823 /* LaunchScreen.storyboard */ = {
			isa = PBXVariantGroup;
			children = (
				C4842979283A94F700BFF823 /* Base */,
			);
			name = LaunchScreen.storyboard;
			sourceTree = "<group>";
		};
/* End PBXVariantGroup section */

/* Begin XCBuildConfiguration section */
		C484297C283A94F700BFF823 /* Debug */ = {
			isa = XCBuildConfiguration;
			buildSettings = {
				ALWAYS_SEARCH_USER_PATHS = NO;
				CLANG_ANALYZER_NONNULL = YES;
				CLANG_ANALYZER_NUMBER_OBJECT_CONVERSION = YES_AGGRESSIVE;
				CLANG_CXX_LANGUAGE_STANDARD = "gnu++17";
				CLANG_ENABLE_MODULES = YES;
				CLANG_ENABLE_OBJC_ARC = YES;
				CLANG_ENABLE_OBJC_WEAK = YES;
				CLANG_WARN_BLOCK_CAPTURE_AUTORELEASING = YES;
				CLANG_WARN_BOOL_CONVERSION = YES;
				CLANG_WARN_COMMA = YES;
				CLANG_WARN_CONSTANT_CONVERSION = YES;
				CLANG_WARN_DEPRECATED_OBJC_IMPLEMENTATIONS = YES;
				CLANG_WARN_DIRECT_OBJC_ISA_USAGE = YES_ERROR;
				CLANG_WARN_DOCUMENTATION_COMMENTS = YES;
				CLANG_WARN_EMPTY_BODY = YES;
				CLANG_WARN_ENUM_CONVERSION = YES;
				CLANG_WARN_INFINITE_RECURSION = YES;
				CLANG_WARN_INT_CONVERSION = YES;
				CLANG_WARN_NON_LITERAL_NULL_CONVERSION = YES;
				CLANG_WARN_OBJC_IMPLICIT_RETAIN_SELF = YES;
				CLANG_WARN_OBJC_LITERAL_CONVERSION = YES;
				CLANG_WARN_OBJC_ROOT_CLASS = YES_ERROR;
				CLANG_WARN_QUOTED_INCLUDE_IN_FRAMEWORK_HEADER = YES;
				CLANG_WARN_RANGE_LOOP_ANALYSIS = YES;
				CLANG_WARN_STRICT_PROTOTYPES = YES;
				CLANG_WARN_SUSPICIOUS_MOVE = YES;
				CLANG_WARN_UNGUARDED_AVAILABILITY = YES_AGGRESSIVE;
				CLANG_WARN_UNREACHABLE_CODE = YES;
				CLANG_WARN__DUPLICATE_METHOD_MATCH = YES;
				COPY_PHASE_STRIP = NO;
				DEBUG_INFORMATION_FORMAT = dwarf;
				ENABLE_STRICT_OBJC_MSGSEND = YES;
				ENABLE_TESTABILITY = YES;
				GCC_C_LANGUAGE_STANDARD = gnu11;
				GCC_DYNAMIC_NO_PIC = NO;
				GCC_NO_COMMON_BLOCKS = YES;
				GCC_OPTIMIZATION_LEVEL = 0;
				GCC_PREPROCESSOR_DEFINITIONS = (
					"DEBUG=1",
					"$(inherited)",
				);
				GCC_WARN_64_TO_32_BIT_CONVERSION = YES;
				GCC_WARN_ABOUT_RETURN_TYPE = YES_ERROR;
				GCC_WARN_UNDECLARED_SELECTOR = YES;
				GCC_WARN_UNINITIALIZED_AUTOS = YES_AGGRESSIVE;
				GCC_WARN_UNUSED_FUNCTION = YES;
				GCC_WARN_UNUSED_VARIABLE = YES;
				IPHONEOS_DEPLOYMENT_TARGET = 15.5;
				MTL_ENABLE_DEBUG_INFO = INCLUDE_SOURCE;
				MTL_FAST_MATH = YES;
				ONLY_ACTIVE_ARCH = YES;
				SDKROOT = iphoneos;
				SWIFT_ACTIVE_COMPILATION_CONDITIONS = DEBUG;
				SWIFT_OPTIMIZATION_LEVEL = "-Onone";
			};
			name = Debug;
		};
		C484297D283A94F700BFF823 /* Release */ = {
			isa = XCBuildConfiguration;
			buildSettings = {
				ALWAYS_SEARCH_USER_PATHS = NO;
				CLANG_ANALYZER_NONNULL = YES;
				CLANG_ANALYZER_NUMBER_OBJECT_CONVERSION = YES_AGGRESSIVE;
				CLANG_CXX_LANGUAGE_STANDARD = "gnu++17";
				CLANG_ENABLE_MODULES = YES;
				CLANG_ENABLE_OBJC_ARC = YES;
				CLANG_ENABLE_OBJC_WEAK = YES;
				CLANG_WARN_BLOCK_CAPTURE_AUTORELEASING = YES;
				CLANG_WARN_BOOL_CONVERSION = YES;
				CLANG_WARN_COMMA = YES;
				CLANG_WARN_CONSTANT_CONVERSION = YES;
				CLANG_WARN_DEPRECATED_OBJC_IMPLEMENTATIONS = YES;
				CLANG_WARN_DIRECT_OBJC_ISA_USAGE = YES_ERROR;
				CLANG_WARN_DOCUMENTATION_COMMENTS = YES;
				CLANG_WARN_EMPTY_BODY = YES;
				CLANG_WARN_ENUM_CONVERSION = YES;
				CLANG_WARN_INFINITE_RECURSION = YES;
				CLANG_WARN_INT_CONVERSION = YES;
				CLANG_WARN_NON_LITERAL_NULL_CONVERSION = YES;
				CLANG_WARN_OBJC_IMPLICIT_RETAIN_SELF = YES;
				CLANG_WARN_OBJC_LITERAL_CONVERSION = YES;
				CLANG_WARN_OBJC_ROOT_CLASS = YES_ERROR;
				CLANG_WARN_QUOTED_INCLUDE_IN_FRAMEWORK_HEADER = YES;
				CLANG_WARN_RANGE_LOOP_ANALYSIS = YES;
				CLANG_WARN_STRICT_PROTOTYPES = YES;
				CLANG_WARN_SUSPICIOUS_MOVE = YES;
				CLANG_WARN_UNGUARDED_AVAILABILITY = YES_AGGRESSIVE;
				CLANG_WARN_UNREACHABLE_CODE = YES;
				CLANG_WARN__DUPLICATE_METHOD_MATCH = YES;
				COPY_PHASE_STRIP = NO;
				DEBUG_INFORMATION_FORMAT = "dwarf-with-dsym";
				ENABLE_NS_ASSERTIONS = NO;
				ENABLE_STRICT_OBJC_MSGSEND = YES;
				GCC_C_LANGUAGE_STANDARD = gnu11;
				GCC_NO_COMMON_BLOCKS = YES;
				GCC_WARN_64_TO_32_BIT_CONVERSION = YES;
				GCC_WARN_ABOUT_RETURN_TYPE = YES_ERROR;
				GCC_WARN_UNDECLARED_SELECTOR = YES;
				GCC_WARN_UNINITIALIZED_AUTOS = YES_AGGRESSIVE;
				GCC_WARN_UNUSED_FUNCTION = YES;
				GCC_WARN_UNUSED_VARIABLE = YES;
				IPHONEOS_DEPLOYMENT_TARGET = 15.5;
				MTL_ENABLE_DEBUG_INFO = NO;
				MTL_FAST_MATH = YES;
				SDKROOT = iphoneos;
				SWIFT_COMPILATION_MODE = wholemodule;
				SWIFT_OPTIMIZATION_LEVEL = "-O";
				VALIDATE_PRODUCT = YES;
			};
			name = Release;
		};
		C484297F283A94F700BFF823 /* Debug */ = {
			isa = XCBuildConfiguration;
			buildSettings = {
				ASSETCATALOG_COMPILER_APPICON_NAME = AppIcon;
				ASSETCATALOG_COMPILER_GLOBAL_ACCENT_COLOR_NAME = AccentColor;
				CODE_SIGN_STYLE = Automatic;
				CURRENT_PROJECT_VERSION = 1;
				DEVELOPMENT_TEAM = 9FBY5ARJ93;
				GENERATE_INFOPLIST_FILE = YES;
				INFOPLIST_FILE = Multilist/Info.plist;
				INFOPLIST_KEY_UIApplicationSupportsIndirectInputEvents = YES;
				INFOPLIST_KEY_UILaunchStoryboardName = LaunchScreen;
				INFOPLIST_KEY_UIMainStoryboardFile = Main;
				INFOPLIST_KEY_UISupportedInterfaceOrientations = UIInterfaceOrientationPortrait;
				INFOPLIST_KEY_UISupportedInterfaceOrientations_iPad = "UIInterfaceOrientationPortrait UIInterfaceOrientationPortraitUpsideDown UIInterfaceOrientationLandscapeLeft UIInterfaceOrientationLandscapeRight";
				INFOPLIST_KEY_UISupportedInterfaceOrientations_iPhone = "UIInterfaceOrientationPortrait UIInterfaceOrientationLandscapeLeft UIInterfaceOrientationLandscapeRight";
				LD_RUNPATH_SEARCH_PATHS = (
					"$(inherited)",
					"@executable_path/Frameworks",
				);
				MARKETING_VERSION = 1.0;
				PRODUCT_BUNDLE_IDENTIFIER = com.chalmersphua.Multilist;
				PRODUCT_NAME = "$(TARGET_NAME)";
				SWIFT_EMIT_LOC_STRINGS = YES;
				SWIFT_VERSION = 5.0;
				TARGETED_DEVICE_FAMILY = "1,2";
			};
			name = Debug;
		};
		C4842980283A94F700BFF823 /* Release */ = {
			isa = XCBuildConfiguration;
			buildSettings = {
				ASSETCATALOG_COMPILER_APPICON_NAME = AppIcon;
				ASSETCATALOG_COMPILER_GLOBAL_ACCENT_COLOR_NAME = AccentColor;
				CODE_SIGN_STYLE = Automatic;
				CURRENT_PROJECT_VERSION = 1;
				DEVELOPMENT_TEAM = 9FBY5ARJ93;
				GENERATE_INFOPLIST_FILE = YES;
				INFOPLIST_FILE = Multilist/Info.plist;
				INFOPLIST_KEY_UIApplicationSupportsIndirectInputEvents = YES;
				INFOPLIST_KEY_UILaunchStoryboardName = LaunchScreen;
				INFOPLIST_KEY_UIMainStoryboardFile = Main;
				INFOPLIST_KEY_UISupportedInterfaceOrientations = UIInterfaceOrientationPortrait;
				INFOPLIST_KEY_UISupportedInterfaceOrientations_iPad = "UIInterfaceOrientationPortrait UIInterfaceOrientationPortraitUpsideDown UIInterfaceOrientationLandscapeLeft UIInterfaceOrientationLandscapeRight";
				INFOPLIST_KEY_UISupportedInterfaceOrientations_iPhone = "UIInterfaceOrientationPortrait UIInterfaceOrientationLandscapeLeft UIInterfaceOrientationLandscapeRight";
				LD_RUNPATH_SEARCH_PATHS = (
					"$(inherited)",
					"@executable_path/Frameworks",
				);
				MARKETING_VERSION = 1.0;
				PRODUCT_BUNDLE_IDENTIFIER = com.chalmersphua.Multilist;
				PRODUCT_NAME = "$(TARGET_NAME)";
				SWIFT_EMIT_LOC_STRINGS = YES;
				SWIFT_VERSION = 5.0;
				TARGETED_DEVICE_FAMILY = "1,2";
			};
			name = Release;
		};
/* End XCBuildConfiguration section */

/* Begin XCConfigurationList section */
		C4842965283A94F600BFF823 /* Build configuration list for PBXProject "Multilist" */ = {
			isa = XCConfigurationList;
			buildConfigurations = (
				C484297C283A94F700BFF823 /* Debug */,
				C484297D283A94F700BFF823 /* Release */,
			);
			defaultConfigurationIsVisible = 0;
			defaultConfigurationName = Release;
		};
		C484297E283A94F700BFF823 /* Build configuration list for PBXNativeTarget "Multilist" */ = {
			isa = XCConfigurationList;
			buildConfigurations = (
				C484297F283A94F700BFF823 /* Debug */,
				C4842980283A94F700BFF823 /* Release */,
			);
			defaultConfigurationIsVisible = 0;
			defaultConfigurationName = Release;
		};
/* End XCConfigurationList section */

/* Begin XCVersionGroup section */
		C484298C283A9C8700BFF823 /* DataModel.xcdatamodeld */ = {
			isa = XCVersionGroup;
			children = (
				C484298D283A9C8700BFF823 /* DataModel.xcdatamodel */,
			);
			currentVersion = C484298D283A9C8700BFF823 /* DataModel.xcdatamodel */;
			path = DataModel.xcdatamodeld;
			sourceTree = "<group>";
			versionGroupType = wrapper.xcdatamodel;
		};
/* End XCVersionGroup section */
	};
	rootObject = C4842962283A94F600BFF823 /* Project object */;
}
